// !$*UTF8*$!
{
	archiveVersion = 1;
	classes = {
	};
	objectVersion = 55;
	objects = {

/* Begin PBXBuildFile section */
		00143CE027A383F300F77940 /* Tests_iOS.swift in Sources */ = {isa = PBXBuildFile; fileRef = 00143CDF27A383F300F77940 /* Tests_iOS.swift */; };
		00143CE227A383F300F77940 /* Tests_iOSLaunchTests.swift in Sources */ = {isa = PBXBuildFile; fileRef = 00143CE127A383F300F77940 /* Tests_iOSLaunchTests.swift */; };
		00143CEC27A383F300F77940 /* Tests_macOS.swift in Sources */ = {isa = PBXBuildFile; fileRef = 00143CEB27A383F300F77940 /* Tests_macOS.swift */; };
		00143CEE27A383F300F77940 /* Tests_macOSLaunchTests.swift in Sources */ = {isa = PBXBuildFile; fileRef = 00143CED27A383F300F77940 /* Tests_macOSLaunchTests.swift */; };
		00143CF127A383F300F77940 /* ContentView.swift in Sources */ = {isa = PBXBuildFile; fileRef = 00143CC827A383F200F77940 /* ContentView.swift */; };
		00143CF227A383F300F77940 /* ContentView.swift in Sources */ = {isa = PBXBuildFile; fileRef = 00143CC827A383F200F77940 /* ContentView.swift */; };
		00143CF327A383F300F77940 /* Assets.xcassets in Resources */ = {isa = PBXBuildFile; fileRef = 00143CC927A383F300F77940 /* Assets.xcassets */; };
		00143CF427A383F300F77940 /* Assets.xcassets in Resources */ = {isa = PBXBuildFile; fileRef = 00143CC927A383F300F77940 /* Assets.xcassets */; };
		00143D0527A3893900F77940 /* FrutasApp.swift in Sources */ = {isa = PBXBuildFile; fileRef = 00143D0427A3893900F77940 /* FrutasApp.swift */; };
		00143D0627A3893900F77940 /* FrutasApp.swift in Sources */ = {isa = PBXBuildFile; fileRef = 00143D0427A3893900F77940 /* FrutasApp.swift */; };
		00143D0927A389D000F77940 /* FruitCardView.swift in Sources */ = {isa = PBXBuildFile; fileRef = 00143D0827A389D000F77940 /* FruitCardView.swift */; };
		00143D0A27A389D000F77940 /* FruitCardView.swift in Sources */ = {isa = PBXBuildFile; fileRef = 00143D0827A389D000F77940 /* FruitCardView.swift */; };
		00143D0C27A392A800F77940 /* StartButttonView.swift in Sources */ = {isa = PBXBuildFile; fileRef = 00143D0B27A392A800F77940 /* StartButttonView.swift */; };
		00143D0D27A392A800F77940 /* StartButttonView.swift in Sources */ = {isa = PBXBuildFile; fileRef = 00143D0B27A392A800F77940 /* StartButttonView.swift */; };
		00143D0F27A394E000F77940 /* OnboardingView.swift in Sources */ = {isa = PBXBuildFile; fileRef = 00143D0E27A394E000F77940 /* OnboardingView.swift */; };
		00143D1027A394E000F77940 /* OnboardingView.swift in Sources */ = {isa = PBXBuildFile; fileRef = 00143D0E27A394E000F77940 /* OnboardingView.swift */; };
		00143D1427A3997900F77940 /* FruitsModel.swift in Sources */ = {isa = PBXBuildFile; fileRef = 00143D1327A3997900F77940 /* FruitsModel.swift */; };
		00143D1527A3997900F77940 /* FruitsModel.swift in Sources */ = {isa = PBXBuildFile; fileRef = 00143D1327A3997900F77940 /* FruitsModel.swift */; };
		00143D1827A39A6F00F77940 /* FruitData.swift in Sources */ = {isa = PBXBuildFile; fileRef = 00143D1727A39A6F00F77940 /* FruitData.swift */; };
		00143D1927A39A6F00F77940 /* FruitData.swift in Sources */ = {isa = PBXBuildFile; fileRef = 00143D1727A39A6F00F77940 /* FruitData.swift */; };
		00143D1B27A3A2C500F77940 /* FruitRowView.swift in Sources */ = {isa = PBXBuildFile; fileRef = 00143D1A27A3A2C500F77940 /* FruitRowView.swift */; };
		00143D1C27A3A2C500F77940 /* FruitRowView.swift in Sources */ = {isa = PBXBuildFile; fileRef = 00143D1A27A3A2C500F77940 /* FruitRowView.swift */; };
/* End PBXBuildFile section */

/* Begin PBXContainerItemProxy section */
		00143CDC27A383F300F77940 /* PBXContainerItemProxy */ = {
			isa = PBXContainerItemProxy;
			containerPortal = 00143CC227A383F100F77940 /* Project object */;
			proxyType = 1;
			remoteGlobalIDString = 00143CCD27A383F300F77940;
			remoteInfo = "swift-fruits (iOS)";
		};
		00143CE827A383F300F77940 /* PBXContainerItemProxy */ = {
			isa = PBXContainerItemProxy;
			containerPortal = 00143CC227A383F100F77940 /* Project object */;
			proxyType = 1;
			remoteGlobalIDString = 00143CD327A383F300F77940;
			remoteInfo = "swift-fruits (macOS)";
		};
/* End PBXContainerItemProxy section */

/* Begin PBXFileReference section */
		00143CC827A383F200F77940 /* ContentView.swift */ = {isa = PBXFileReference; lastKnownFileType = sourcecode.swift; path = ContentView.swift; sourceTree = "<group>"; };
		00143CC927A383F300F77940 /* Assets.xcassets */ = {isa = PBXFileReference; lastKnownFileType = folder.assetcatalog; path = Assets.xcassets; sourceTree = "<group>"; };
		00143CCE27A383F300F77940 /* swift-fruits.app */ = {isa = PBXFileReference; explicitFileType = wrapper.application; includeInIndex = 0; path = "swift-fruits.app"; sourceTree = BUILT_PRODUCTS_DIR; };
		00143CD427A383F300F77940 /* swift-fruits.app */ = {isa = PBXFileReference; explicitFileType = wrapper.application; includeInIndex = 0; path = "swift-fruits.app"; sourceTree = BUILT_PRODUCTS_DIR; };
		00143CD627A383F300F77940 /* macOS.entitlements */ = {isa = PBXFileReference; lastKnownFileType = text.plist.entitlements; path = macOS.entitlements; sourceTree = "<group>"; };
		00143CDB27A383F300F77940 /* Tests iOS.xctest */ = {isa = PBXFileReference; explicitFileType = wrapper.cfbundle; includeInIndex = 0; path = "Tests iOS.xctest"; sourceTree = BUILT_PRODUCTS_DIR; };
		00143CDF27A383F300F77940 /* Tests_iOS.swift */ = {isa = PBXFileReference; lastKnownFileType = sourcecode.swift; path = Tests_iOS.swift; sourceTree = "<group>"; };
		00143CE127A383F300F77940 /* Tests_iOSLaunchTests.swift */ = {isa = PBXFileReference; lastKnownFileType = sourcecode.swift; path = Tests_iOSLaunchTests.swift; sourceTree = "<group>"; };
		00143CE727A383F300F77940 /* Tests macOS.xctest */ = {isa = PBXFileReference; explicitFileType = wrapper.cfbundle; includeInIndex = 0; path = "Tests macOS.xctest"; sourceTree = BUILT_PRODUCTS_DIR; };
		00143CEB27A383F300F77940 /* Tests_macOS.swift */ = {isa = PBXFileReference; lastKnownFileType = sourcecode.swift; path = Tests_macOS.swift; sourceTree = "<group>"; };
		00143CED27A383F300F77940 /* Tests_macOSLaunchTests.swift */ = {isa = PBXFileReference; lastKnownFileType = sourcecode.swift; path = Tests_macOSLaunchTests.swift; sourceTree = "<group>"; };
		00143D0427A3893900F77940 /* FrutasApp.swift */ = {isa = PBXFileReference; lastKnownFileType = sourcecode.swift; path = FrutasApp.swift; sourceTree = "<group>"; };
		00143D0827A389D000F77940 /* FruitCardView.swift */ = {isa = PBXFileReference; lastKnownFileType = sourcecode.swift; path = FruitCardView.swift; sourceTree = "<group>"; };
		00143D0B27A392A800F77940 /* StartButttonView.swift */ = {isa = PBXFileReference; lastKnownFileType = sourcecode.swift; path = StartButttonView.swift; sourceTree = "<group>"; };
		00143D0E27A394E000F77940 /* OnboardingView.swift */ = {isa = PBXFileReference; lastKnownFileType = sourcecode.swift; path = OnboardingView.swift; sourceTree = "<group>"; };
		00143D1127A3979100F77940 /* README.md */ = {isa = PBXFileReference; lastKnownFileType = net.daringfireball.markdown; path = README.md; sourceTree = "<group>"; };
		00143D1327A3997900F77940 /* FruitsModel.swift */ = {isa = PBXFileReference; lastKnownFileType = sourcecode.swift; path = FruitsModel.swift; sourceTree = "<group>"; };
		00143D1727A39A6F00F77940 /* FruitData.swift */ = {isa = PBXFileReference; lastKnownFileType = sourcecode.swift; path = FruitData.swift; sourceTree = "<group>"; };
		00143D1A27A3A2C500F77940 /* FruitRowView.swift */ = {isa = PBXFileReference; lastKnownFileType = sourcecode.swift; path = FruitRowView.swift; sourceTree = "<group>"; };
/* End PBXFileReference section */

/* Begin PBXFrameworksBuildPhase section */
		00143CCB27A383F300F77940 /* Frameworks */ = {
			isa = PBXFrameworksBuildPhase;
			buildActionMask = 2147483647;
			files = (
			);
			runOnlyForDeploymentPostprocessing = 0;
		};
		00143CD127A383F300F77940 /* Frameworks */ = {
			isa = PBXFrameworksBuildPhase;
			buildActionMask = 2147483647;
			files = (
			);
			runOnlyForDeploymentPostprocessing = 0;
		};
		00143CD827A383F300F77940 /* Frameworks */ = {
			isa = PBXFrameworksBuildPhase;
			buildActionMask = 2147483647;
			files = (
			);
			runOnlyForDeploymentPostprocessing = 0;
		};
		00143CE427A383F300F77940 /* Frameworks */ = {
			isa = PBXFrameworksBuildPhase;
			buildActionMask = 2147483647;
			files = (
			);
			runOnlyForDeploymentPostprocessing = 0;
		};
/* End PBXFrameworksBuildPhase section */

/* Begin PBXGroup section */
		00143CC127A383F100F77940 = {
			isa = PBXGroup;
			children = (
				00143CC627A383F200F77940 /* Frutas */,
				00143CD527A383F300F77940 /* macOS */,
				00143CDE27A383F300F77940 /* Tests iOS */,
				00143CEA27A383F300F77940 /* Tests macOS */,
				00143CCF27A383F300F77940 /* Products */,
			);
			sourceTree = "<group>";
		};
		00143CC627A383F200F77940 /* Frutas */ = {
			isa = PBXGroup;
			children = (
				00143D1627A39A5800F77940 /* Data */,
				00143D1227A3996900F77940 /* Model */,
				00143D0727A389B400F77940 /* View */,
				00143D0327A3890C00F77940 /* App */,
				00143CC927A383F300F77940 /* Assets.xcassets */,
				00143D1127A3979100F77940 /* README.md */,
			);
			path = Frutas;
			sourceTree = "<group>";
		};
		00143CCF27A383F300F77940 /* Products */ = {
			isa = PBXGroup;
			children = (
				00143CCE27A383F300F77940 /* swift-fruits.app */,
				00143CD427A383F300F77940 /* swift-fruits.app */,
				00143CDB27A383F300F77940 /* Tests iOS.xctest */,
				00143CE727A383F300F77940 /* Tests macOS.xctest */,
			);
			name = Products;
			sourceTree = "<group>";
		};
		00143CD527A383F300F77940 /* macOS */ = {
			isa = PBXGroup;
			children = (
				00143CD627A383F300F77940 /* macOS.entitlements */,
			);
			path = macOS;
			sourceTree = "<group>";
		};
		00143CDE27A383F300F77940 /* Tests iOS */ = {
			isa = PBXGroup;
			children = (
				00143CDF27A383F300F77940 /* Tests_iOS.swift */,
				00143CE127A383F300F77940 /* Tests_iOSLaunchTests.swift */,
			);
			path = "Tests iOS";
			sourceTree = "<group>";
		};
		00143CEA27A383F300F77940 /* Tests macOS */ = {
			isa = PBXGroup;
			children = (
				00143CEB27A383F300F77940 /* Tests_macOS.swift */,
				00143CED27A383F300F77940 /* Tests_macOSLaunchTests.swift */,
			);
			path = "Tests macOS";
			sourceTree = "<group>";
		};
		00143D0327A3890C00F77940 /* App */ = {
			isa = PBXGroup;
			children = (
				00143CC827A383F200F77940 /* ContentView.swift */,
				00143D0427A3893900F77940 /* FrutasApp.swift */,
				00143D0E27A394E000F77940 /* OnboardingView.swift */,
			);
			path = App;
			sourceTree = "<group>";
		};
		00143D0727A389B400F77940 /* View */ = {
			isa = PBXGroup;
			children = (
				00143D0827A389D000F77940 /* FruitCardView.swift */,
				00143D0B27A392A800F77940 /* StartButttonView.swift */,
				00143D1A27A3A2C500F77940 /* FruitRowView.swift */,
			);
			path = View;
			sourceTree = "<group>";
		};
		00143D1227A3996900F77940 /* Model */ = {
			isa = PBXGroup;
			children = (
				00143D1327A3997900F77940 /* FruitsModel.swift */,
			);
			path = Model;
			sourceTree = "<group>";
		};
		00143D1627A39A5800F77940 /* Data */ = {
			isa = PBXGroup;
			children = (
				00143D1727A39A6F00F77940 /* FruitData.swift */,
			);
			path = Data;
			sourceTree = "<group>";
		};
/* End PBXGroup section */

/* Begin PBXNativeTarget section */
		00143CCD27A383F300F77940 /* swift-fruits (iOS) */ = {
			isa = PBXNativeTarget;
			buildConfigurationList = 00143CF727A383F300F77940 /* Build configuration list for PBXNativeTarget "swift-fruits (iOS)" */;
			buildPhases = (
				00143CCA27A383F300F77940 /* Sources */,
				00143CCB27A383F300F77940 /* Frameworks */,
				00143CCC27A383F300F77940 /* Resources */,
			);
			buildRules = (
			);
			dependencies = (
			);
			name = "swift-fruits (iOS)";
			productName = "swift-fruits (iOS)";
			productReference = 00143CCE27A383F300F77940 /* swift-fruits.app */;
			productType = "com.apple.product-type.application";
		};
		00143CD327A383F300F77940 /* swift-fruits (macOS) */ = {
			isa = PBXNativeTarget;
			buildConfigurationList = 00143CFA27A383F300F77940 /* Build configuration list for PBXNativeTarget "swift-fruits (macOS)" */;
			buildPhases = (
				00143CD027A383F300F77940 /* Sources */,
				00143CD127A383F300F77940 /* Frameworks */,
				00143CD227A383F300F77940 /* Resources */,
			);
			buildRules = (
			);
			dependencies = (
			);
			name = "swift-fruits (macOS)";
			productName = "swift-fruits (macOS)";
			productReference = 00143CD427A383F300F77940 /* swift-fruits.app */;
			productType = "com.apple.product-type.application";
		};
		00143CDA27A383F300F77940 /* Tests iOS */ = {
			isa = PBXNativeTarget;
			buildConfigurationList = 00143CFD27A383F300F77940 /* Build configuration list for PBXNativeTarget "Tests iOS" */;
			buildPhases = (
				00143CD727A383F300F77940 /* Sources */,
				00143CD827A383F300F77940 /* Frameworks */,
				00143CD927A383F300F77940 /* Resources */,
			);
			buildRules = (
			);
			dependencies = (
				00143CDD27A383F300F77940 /* PBXTargetDependency */,
			);
			name = "Tests iOS";
			productName = "Tests iOS";
			productReference = 00143CDB27A383F300F77940 /* Tests iOS.xctest */;
			productType = "com.apple.product-type.bundle.ui-testing";
		};
		00143CE627A383F300F77940 /* Tests macOS */ = {
			isa = PBXNativeTarget;
			buildConfigurationList = 00143D0027A383F300F77940 /* Build configuration list for PBXNativeTarget "Tests macOS" */;
			buildPhases = (
				00143CE327A383F300F77940 /* Sources */,
				00143CE427A383F300F77940 /* Frameworks */,
				00143CE527A383F300F77940 /* Resources */,
			);
			buildRules = (
			);
			dependencies = (
				00143CE927A383F300F77940 /* PBXTargetDependency */,
			);
			name = "Tests macOS";
			productName = "Tests macOS";
			productReference = 00143CE727A383F300F77940 /* Tests macOS.xctest */;
			productType = "com.apple.product-type.bundle.ui-testing";
		};
/* End PBXNativeTarget section */

/* Begin PBXProject section */
		00143CC227A383F100F77940 /* Project object */ = {
			isa = PBXProject;
			attributes = {
				BuildIndependentTargetsInParallel = 1;
				LastSwiftUpdateCheck = 1320;
				LastUpgradeCheck = 1320;
				TargetAttributes = {
					00143CCD27A383F300F77940 = {
						CreatedOnToolsVersion = 13.2.1;
					};
					00143CD327A383F300F77940 = {
						CreatedOnToolsVersion = 13.2.1;
					};
					00143CDA27A383F300F77940 = {
						CreatedOnToolsVersion = 13.2.1;
						TestTargetID = 00143CCD27A383F300F77940;
					};
					00143CE627A383F300F77940 = {
						CreatedOnToolsVersion = 13.2.1;
						TestTargetID = 00143CD327A383F300F77940;
					};
				};
			};
			buildConfigurationList = 00143CC527A383F100F77940 /* Build configuration list for PBXProject "swift-fruits" */;
			compatibilityVersion = "Xcode 13.0";
			developmentRegion = en;
			hasScannedForEncodings = 0;
			knownRegions = (
				en,
				Base,
			);
			mainGroup = 00143CC127A383F100F77940;
			productRefGroup = 00143CCF27A383F300F77940 /* Products */;
			projectDirPath = "";
			projectRoot = "";
			targets = (
				00143CCD27A383F300F77940 /* swift-fruits (iOS) */,
				00143CD327A383F300F77940 /* swift-fruits (macOS) */,
				00143CDA27A383F300F77940 /* Tests iOS */,
				00143CE627A383F300F77940 /* Tests macOS */,
			);
		};
/* End PBXProject section */

/* Begin PBXResourcesBuildPhase section */
		00143CCC27A383F300F77940 /* Resources */ = {
			isa = PBXResourcesBuildPhase;
			buildActionMask = 2147483647;
			files = (
				00143CF327A383F300F77940 /* Assets.xcassets in Resources */,
			);
			runOnlyForDeploymentPostprocessing = 0;
		};
		00143CD227A383F300F77940 /* Resources */ = {
			isa = PBXResourcesBuildPhase;
			buildActionMask = 2147483647;
			files = (
				00143CF427A383F300F77940 /* Assets.xcassets in Resources */,
			);
			runOnlyForDeploymentPostprocessing = 0;
		};
		00143CD927A383F300F77940 /* Resources */ = {
			isa = PBXResourcesBuildPhase;
			buildActionMask = 2147483647;
			files = (
			);
			runOnlyForDeploymentPostprocessing = 0;
		};
		00143CE527A383F300F77940 /* Resources */ = {
			isa = PBXResourcesBuildPhase;
			buildActionMask = 2147483647;
			files = (
			);
			runOnlyForDeploymentPostprocessing = 0;
		};
/* End PBXResourcesBuildPhase section */

/* Begin PBXSourcesBuildPhase section */
		00143CCA27A383F300F77940 /* Sources */ = {
			isa = PBXSourcesBuildPhase;
			buildActionMask = 2147483647;
			files = (
				00143D1827A39A6F00F77940 /* FruitData.swift in Sources */,
				00143D0927A389D000F77940 /* FruitCardView.swift in Sources */,
				00143D1B27A3A2C500F77940 /* FruitRowView.swift in Sources */,
				00143D0527A3893900F77940 /* FrutasApp.swift in Sources */,
				00143D1427A3997900F77940 /* FruitsModel.swift in Sources */,
				00143D0C27A392A800F77940 /* StartButttonView.swift in Sources */,
				00143D0F27A394E000F77940 /* OnboardingView.swift in Sources */,
				00143CF127A383F300F77940 /* ContentView.swift in Sources */,
			);
			runOnlyForDeploymentPostprocessing = 0;
		};
		00143CD027A383F300F77940 /* Sources */ = {
			isa = PBXSourcesBuildPhase;
			buildActionMask = 2147483647;
			files = (
				00143D1927A39A6F00F77940 /* FruitData.swift in Sources */,
				00143D0A27A389D000F77940 /* FruitCardView.swift in Sources */,
				00143D1C27A3A2C500F77940 /* FruitRowView.swift in Sources */,
				00143D0627A3893900F77940 /* FrutasApp.swift in Sources */,
				00143D1527A3997900F77940 /* FruitsModel.swift in Sources */,
				00143D0D27A392A800F77940 /* StartButttonView.swift in Sources */,
				00143D1027A394E000F77940 /* OnboardingView.swift in Sources */,
				00143CF227A383F300F77940 /* ContentView.swift in Sources */,
			);
			runOnlyForDeploymentPostprocessing = 0;
		};
		00143CD727A383F300F77940 /* Sources */ = {
			isa = PBXSourcesBuildPhase;
			buildActionMask = 2147483647;
			files = (
				00143CE227A383F300F77940 /* Tests_iOSLaunchTests.swift in Sources */,
				00143CE027A383F300F77940 /* Tests_iOS.swift in Sources */,
			);
			runOnlyForDeploymentPostprocessing = 0;
		};
		00143CE327A383F300F77940 /* Sources */ = {
			isa = PBXSourcesBuildPhase;
			buildActionMask = 2147483647;
			files = (
				00143CEE27A383F300F77940 /* Tests_macOSLaunchTests.swift in Sources */,
				00143CEC27A383F300F77940 /* Tests_macOS.swift in Sources */,
			);
			runOnlyForDeploymentPostprocessing = 0;
		};
/* End PBXSourcesBuildPhase section */

/* Begin PBXTargetDependency section */
		00143CDD27A383F300F77940 /* PBXTargetDependency */ = {
			isa = PBXTargetDependency;
			target = 00143CCD27A383F300F77940 /* swift-fruits (iOS) */;
			targetProxy = 00143CDC27A383F300F77940 /* PBXContainerItemProxy */;
		};
		00143CE927A383F300F77940 /* PBXTargetDependency */ = {
			isa = PBXTargetDependency;
			target = 00143CD327A383F300F77940 /* swift-fruits (macOS) */;
			targetProxy = 00143CE827A383F300F77940 /* PBXContainerItemProxy */;
		};
/* End PBXTargetDependency section */

/* Begin XCBuildConfiguration section */
		00143CF527A383F300F77940 /* Debug */ = {
			isa = XCBuildConfiguration;
			buildSettings = {
				ALWAYS_SEARCH_USER_PATHS = NO;
				CLANG_ANALYZER_NONNULL = YES;
				CLANG_ANALYZER_NUMBER_OBJECT_CONVERSION = YES_AGGRESSIVE;
				CLANG_CXX_LANGUAGE_STANDARD = "gnu++17";
				CLANG_CXX_LIBRARY = "libc++";
				CLANG_ENABLE_MODULES = YES;
				CLANG_ENABLE_OBJC_ARC = YES;
				CLANG_ENABLE_OBJC_WEAK = YES;
				CLANG_WARN_BLOCK_CAPTURE_AUTORELEASING = YES;
				CLANG_WARN_BOOL_CONVERSION = YES;
				CLANG_WARN_COMMA = YES;
				CLANG_WARN_CONSTANT_CONVERSION = YES;
				CLANG_WARN_DEPRECATED_OBJC_IMPLEMENTATIONS = YES;
				CLANG_WARN_DIRECT_OBJC_ISA_USAGE = YES_ERROR;
				CLANG_WARN_DOCUMENTATION_COMMENTS = YES;
				CLANG_WARN_EMPTY_BODY = YES;
				CLANG_WARN_ENUM_CONVERSION = YES;
				CLANG_WARN_INFINITE_RECURSION = YES;
				CLANG_WARN_INT_CONVERSION = YES;
				CLANG_WARN_NON_LITERAL_NULL_CONVERSION = YES;
				CLANG_WARN_OBJC_IMPLICIT_RETAIN_SELF = YES;
				CLANG_WARN_OBJC_LITERAL_CONVERSION = YES;
				CLANG_WARN_OBJC_ROOT_CLASS = YES_ERROR;
				CLANG_WARN_QUOTED_INCLUDE_IN_FRAMEWORK_HEADER = YES;
				CLANG_WARN_RANGE_LOOP_ANALYSIS = YES;
				CLANG_WARN_STRICT_PROTOTYPES = YES;
				CLANG_WARN_SUSPICIOUS_MOVE = YES;
				CLANG_WARN_UNGUARDED_AVAILABILITY = YES_AGGRESSIVE;
				CLANG_WARN_UNREACHABLE_CODE = YES;
				CLANG_WARN__DUPLICATE_METHOD_MATCH = YES;
				COPY_PHASE_STRIP = NO;
				DEBUG_INFORMATION_FORMAT = dwarf;
				ENABLE_STRICT_OBJC_MSGSEND = YES;
				ENABLE_TESTABILITY = YES;
				GCC_C_LANGUAGE_STANDARD = gnu11;
				GCC_DYNAMIC_NO_PIC = NO;
				GCC_NO_COMMON_BLOCKS = YES;
				GCC_OPTIMIZATION_LEVEL = 0;
				GCC_PREPROCESSOR_DEFINITIONS = (
					"DEBUG=1",
					"$(inherited)",
				);
				GCC_WARN_64_TO_32_BIT_CONVERSION = YES;
				GCC_WARN_ABOUT_RETURN_TYPE = YES_ERROR;
				GCC_WARN_UNDECLARED_SELECTOR = YES;
				GCC_WARN_UNINITIALIZED_AUTOS = YES_AGGRESSIVE;
				GCC_WARN_UNUSED_FUNCTION = YES;
				GCC_WARN_UNUSED_VARIABLE = YES;
				MTL_ENABLE_DEBUG_INFO = INCLUDE_SOURCE;
				MTL_FAST_MATH = YES;
				ONLY_ACTIVE_ARCH = YES;
				SWIFT_ACTIVE_COMPILATION_CONDITIONS = DEBUG;
				SWIFT_OPTIMIZATION_LEVEL = "-Onone";
			};
			name = Debug;
		};
		00143CF627A383F300F77940 /* Release */ = {
			isa = XCBuildConfiguration;
			buildSettings = {
				ALWAYS_SEARCH_USER_PATHS = NO;
				CLANG_ANALYZER_NONNULL = YES;
				CLANG_ANALYZER_NUMBER_OBJECT_CONVERSION = YES_AGGRESSIVE;
				CLANG_CXX_LANGUAGE_STANDARD = "gnu++17";
				CLANG_CXX_LIBRARY = "libc++";
				CLANG_ENABLE_MODULES = YES;
				CLANG_ENABLE_OBJC_ARC = YES;
				CLANG_ENABLE_OBJC_WEAK = YES;
				CLANG_WARN_BLOCK_CAPTURE_AUTORELEASING = YES;
				CLANG_WARN_BOOL_CONVERSION = YES;
				CLANG_WARN_COMMA = YES;
				CLANG_WARN_CONSTANT_CONVERSION = YES;
				CLANG_WARN_DEPRECATED_OBJC_IMPLEMENTATIONS = YES;
				CLANG_WARN_DIRECT_OBJC_ISA_USAGE = YES_ERROR;
				CLANG_WARN_DOCUMENTATION_COMMENTS = YES;
				CLANG_WARN_EMPTY_BODY = YES;
				CLANG_WARN_ENUM_CONVERSION = YES;
				CLANG_WARN_INFINITE_RECURSION = YES;
				CLANG_WARN_INT_CONVERSION = YES;
				CLANG_WARN_NON_LITERAL_NULL_CONVERSION = YES;
				CLANG_WARN_OBJC_IMPLICIT_RETAIN_SELF = YES;
				CLANG_WARN_OBJC_LITERAL_CONVERSION = YES;
				CLANG_WARN_OBJC_ROOT_CLASS = YES_ERROR;
				CLANG_WARN_QUOTED_INCLUDE_IN_FRAMEWORK_HEADER = YES;
				CLANG_WARN_RANGE_LOOP_ANALYSIS = YES;
				CLANG_WARN_STRICT_PROTOTYPES = YES;
				CLANG_WARN_SUSPICIOUS_MOVE = YES;
				CLANG_WARN_UNGUARDED_AVAILABILITY = YES_AGGRESSIVE;
				CLANG_WARN_UNREACHABLE_CODE = YES;
				CLANG_WARN__DUPLICATE_METHOD_MATCH = YES;
				COPY_PHASE_STRIP = NO;
				DEBUG_INFORMATION_FORMAT = "dwarf-with-dsym";
				ENABLE_NS_ASSERTIONS = NO;
				ENABLE_STRICT_OBJC_MSGSEND = YES;
				GCC_C_LANGUAGE_STANDARD = gnu11;
				GCC_NO_COMMON_BLOCKS = YES;
				GCC_WARN_64_TO_32_BIT_CONVERSION = YES;
				GCC_WARN_ABOUT_RETURN_TYPE = YES_ERROR;
				GCC_WARN_UNDECLARED_SELECTOR = YES;
				GCC_WARN_UNINITIALIZED_AUTOS = YES_AGGRESSIVE;
				GCC_WARN_UNUSED_FUNCTION = YES;
				GCC_WARN_UNUSED_VARIABLE = YES;
				MTL_ENABLE_DEBUG_INFO = NO;
				MTL_FAST_MATH = YES;
				SWIFT_COMPILATION_MODE = wholemodule;
				SWIFT_OPTIMIZATION_LEVEL = "-O";
			};
			name = Release;
		};
		00143CF827A383F300F77940 /* Debug */ = {
			isa = XCBuildConfiguration;
			buildSettings = {
				ASSETCATALOG_COMPILER_APPICON_NAME = AppIcon;
				ASSETCATALOG_COMPILER_GLOBAL_ACCENT_COLOR_NAME = AccentColor;
				CODE_SIGN_STYLE = Automatic;
				CURRENT_PROJECT_VERSION = 1;
				DEVELOPMENT_TEAM = 44A9W687HB;
				ENABLE_PREVIEWS = YES;
				GENERATE_INFOPLIST_FILE = YES;
				INFOPLIST_KEY_UIApplicationSceneManifest_Generation = YES;
				INFOPLIST_KEY_UIApplicationSupportsIndirectInputEvents = YES;
				INFOPLIST_KEY_UILaunchScreen_Generation = YES;
				INFOPLIST_KEY_UISupportedInterfaceOrientations = UIInterfaceOrientationPortrait;
				INFOPLIST_KEY_UISupportedInterfaceOrientations_iPad = "UIInterfaceOrientationPortrait UIInterfaceOrientationPortraitUpsideDown UIInterfaceOrientationLandscapeLeft UIInterfaceOrientationLandscapeRight";
				INFOPLIST_KEY_UISupportedInterfaceOrientations_iPhone = "UIInterfaceOrientationPortrait UIInterfaceOrientationLandscapeLeft UIInterfaceOrientationLandscapeRight";
				IPHONEOS_DEPLOYMENT_TARGET = 15.2;
				LD_RUNPATH_SEARCH_PATHS = (
					"$(inherited)",
					"@executable_path/Frameworks",
				);
				MARKETING_VERSION = 1.0;
				PRODUCT_BUNDLE_IDENTIFIER = "lydia.swift-fruits";
				PRODUCT_NAME = "swift-fruits";
				SDKROOT = iphoneos;
				SWIFT_EMIT_LOC_STRINGS = YES;
				SWIFT_VERSION = 5.0;
				TARGETED_DEVICE_FAMILY = "1,2";
			};
			name = Debug;
		};
		00143CF927A383F300F77940 /* Release */ = {
			isa = XCBuildConfiguration;
			buildSettings = {
				ASSETCATALOG_COMPILER_APPICON_NAME = AppIcon;
				ASSETCATALOG_COMPILER_GLOBAL_ACCENT_COLOR_NAME = AccentColor;
				CODE_SIGN_STYLE = Automatic;
				CURRENT_PROJECT_VERSION = 1;
				DEVELOPMENT_TEAM = 44A9W687HB;
				ENABLE_PREVIEWS = YES;
				GENERATE_INFOPLIST_FILE = YES;
				INFOPLIST_KEY_UIApplicationSceneManifest_Generation = YES;
				INFOPLIST_KEY_UIApplicationSupportsIndirectInputEvents = YES;
				INFOPLIST_KEY_UILaunchScreen_Generation = YES;
				INFOPLIST_KEY_UISupportedInterfaceOrientations = UIInterfaceOrientationPortrait;
				INFOPLIST_KEY_UISupportedInterfaceOrientations_iPad = "UIInterfaceOrientationPortrait UIInterfaceOrientationPortraitUpsideDown UIInterfaceOrientationLandscapeLeft UIInterfaceOrientationLandscapeRight";
				INFOPLIST_KEY_UISupportedInterfaceOrientations_iPhone = "UIInterfaceOrientationPortrait UIInterfaceOrientationLandscapeLeft UIInterfaceOrientationLandscapeRight";
				IPHONEOS_DEPLOYMENT_TARGET = 15.2;
				LD_RUNPATH_SEARCH_PATHS = (
					"$(inherited)",
					"@executable_path/Frameworks",
				);
				MARKETING_VERSION = 1.0;
				PRODUCT_BUNDLE_IDENTIFIER = "lydia.swift-fruits";
				PRODUCT_NAME = "swift-fruits";
				SDKROOT = iphoneos;
				SWIFT_EMIT_LOC_STRINGS = YES;
				SWIFT_VERSION = 5.0;
				TARGETED_DEVICE_FAMILY = "1,2";
				VALIDATE_PRODUCT = YES;
			};
			name = Release;
		};
		00143CFB27A383F300F77940 /* Debug */ = {
			isa = XCBuildConfiguration;
			buildSettings = {
				ASSETCATALOG_COMPILER_APPICON_NAME = AppIcon;
				ASSETCATALOG_COMPILER_GLOBAL_ACCENT_COLOR_NAME = AccentColor;
				CODE_SIGN_ENTITLEMENTS = macOS/macOS.entitlements;
				CODE_SIGN_STYLE = Automatic;
				COMBINE_HIDPI_IMAGES = YES;
				CURRENT_PROJECT_VERSION = 1;
				DEVELOPMENT_TEAM = 44A9W687HB;
				ENABLE_HARDENED_RUNTIME = YES;
				ENABLE_PREVIEWS = YES;
				GENERATE_INFOPLIST_FILE = YES;
				INFOPLIST_KEY_NSHumanReadableCopyright = "";
				LD_RUNPATH_SEARCH_PATHS = (
					"$(inherited)",
					"@executable_path/../Frameworks",
				);
				MACOSX_DEPLOYMENT_TARGET = 12.0;
				MARKETING_VERSION = 1.0;
				PRODUCT_BUNDLE_IDENTIFIER = "lydia.swift-fruits";
				PRODUCT_NAME = "swift-fruits";
				SDKROOT = macosx;
				SWIFT_EMIT_LOC_STRINGS = YES;
				SWIFT_VERSION = 5.0;
			};
			name = Debug;
		};
		00143CFC27A383F300F77940 /* Release */ = {
			isa = XCBuildConfiguration;
			buildSettings = {
				ASSETCATALOG_COMPILER_APPICON_NAME = AppIcon;
				ASSETCATALOG_COMPILER_GLOBAL_ACCENT_COLOR_NAME = AccentColor;
				CODE_SIGN_ENTITLEMENTS = macOS/macOS.entitlements;
				CODE_SIGN_STYLE = Automatic;
				COMBINE_HIDPI_IMAGES = YES;
				CURRENT_PROJECT_VERSION = 1;
				DEVELOPMENT_TEAM = 44A9W687HB;
				ENABLE_HARDENED_RUNTIME = YES;
				ENABLE_PREVIEWS = YES;
				GENERATE_INFOPLIST_FILE = YES;
				INFOPLIST_KEY_NSHumanReadableCopyright = "";
				LD_RUNPATH_SEARCH_PATHS = (
					"$(inherited)",
					"@executable_path/../Frameworks",
				);
				MACOSX_DEPLOYMENT_TARGET = 12.0;
				MARKETING_VERSION = 1.0;
				PRODUCT_BUNDLE_IDENTIFIER = "lydia.swift-fruits";
				PRODUCT_NAME = "swift-fruits";
				SDKROOT = macosx;
				SWIFT_EMIT_LOC_STRINGS = YES;
				SWIFT_VERSION = 5.0;
			};
			name = Release;
		};
		00143CFE27A383F300F77940 /* Debug */ = {
			isa = XCBuildConfiguration;
			buildSettings = {
				ALWAYS_EMBED_SWIFT_STANDARD_LIBRARIES = YES;
				CODE_SIGN_STYLE = Automatic;
				CURRENT_PROJECT_VERSION = 1;
				DEVELOPMENT_TEAM = 44A9W687HB;
				GENERATE_INFOPLIST_FILE = YES;
				IPHONEOS_DEPLOYMENT_TARGET = 15.2;
				MARKETING_VERSION = 1.0;
				PRODUCT_BUNDLE_IDENTIFIER = "lydia.Tests-iOS";
				PRODUCT_NAME = "$(TARGET_NAME)";
				SDKROOT = iphoneos;
				SWIFT_EMIT_LOC_STRINGS = NO;
				SWIFT_VERSION = 5.0;
				TARGETED_DEVICE_FAMILY = "1,2";
				TEST_TARGET_NAME = "swift-fruits (iOS)";
			};
			name = Debug;
		};
		00143CFF27A383F300F77940 /* Release */ = {
			isa = XCBuildConfiguration;
			buildSettings = {
				ALWAYS_EMBED_SWIFT_STANDARD_LIBRARIES = YES;
				CODE_SIGN_STYLE = Automatic;
				CURRENT_PROJECT_VERSION = 1;
				DEVELOPMENT_TEAM = 44A9W687HB;
				GENERATE_INFOPLIST_FILE = YES;
				IPHONEOS_DEPLOYMENT_TARGET = 15.2;
				MARKETING_VERSION = 1.0;
				PRODUCT_BUNDLE_IDENTIFIER = "lydia.Tests-iOS";
				PRODUCT_NAME = "$(TARGET_NAME)";
				SDKROOT = iphoneos;
				SWIFT_EMIT_LOC_STRINGS = NO;
				SWIFT_VERSION = 5.0;
				TARGETED_DEVICE_FAMILY = "1,2";
				TEST_TARGET_NAME = "swift-fruits (iOS)";
				VALIDATE_PRODUCT = YES;
			};
			name = Release;
		};
		00143D0127A383F300F77940 /* Debug */ = {
			isa = XCBuildConfiguration;
			buildSettings = {
				ALWAYS_EMBED_SWIFT_STANDARD_LIBRARIES = YES;
				CODE_SIGN_STYLE = Automatic;
				CURRENT_PROJECT_VERSION = 1;
				DEVELOPMENT_TEAM = 44A9W687HB;
				GENERATE_INFOPLIST_FILE = YES;
				MACOSX_DEPLOYMENT_TARGET = 12.0;
				MARKETING_VERSION = 1.0;
				PRODUCT_BUNDLE_IDENTIFIER = "lydia.Tests-macOS";
				PRODUCT_NAME = "$(TARGET_NAME)";
				SDKROOT = macosx;
				SWIFT_EMIT_LOC_STRINGS = NO;
				SWIFT_VERSION = 5.0;
				TEST_TARGET_NAME = "swift-fruits (macOS)";
			};
			name = Debug;
		};
		00143D0227A383F300F77940 /* Release */ = {
			isa = XCBuildConfiguration;
			buildSettings = {
				ALWAYS_EMBED_SWIFT_STANDARD_LIBRARIES = YES;
				CODE_SIGN_STYLE = Automatic;
				CURRENT_PROJECT_VERSION = 1;
				DEVELOPMENT_TEAM = 44A9W687HB;
				GENERATE_INFOPLIST_FILE = YES;
				MACOSX_DEPLOYMENT_TARGET = 12.0;
				MARKETING_VERSION = 1.0;
				PRODUCT_BUNDLE_IDENTIFIER = "lydia.Tests-macOS";
				PRODUCT_NAME = "$(TARGET_NAME)";
				SDKROOT = macosx;
				SWIFT_EMIT_LOC_STRINGS = NO;
				SWIFT_VERSION = 5.0;
				TEST_TARGET_NAME = "swift-fruits (macOS)";
			};
			name = Release;
		};
/* End XCBuildConfiguration section */

/* Begin XCConfigurationList section */
		00143CC527A383F100F77940 /* Build configuration list for PBXProject "swift-fruits" */ = {
			isa = XCConfigurationList;
			buildConfigurations = (
				00143CF527A383F300F77940 /* Debug */,
				00143CF627A383F300F77940 /* Release */,
			);
			defaultConfigurationIsVisible = 0;
			defaultConfigurationName = Release;
		};
		00143CF727A383F300F77940 /* Build configuration list for PBXNativeTarget "swift-fruits (iOS)" */ = {
			isa = XCConfigurationList;
			buildConfigurations = (
				00143CF827A383F300F77940 /* Debug */,
				00143CF927A383F300F77940 /* Release */,
			);
			defaultConfigurationIsVisible = 0;
			defaultConfigurationName = Release;
		};
		00143CFA27A383F300F77940 /* Build configuration list for PBXNativeTarget "swift-fruits (macOS)" */ = {
			isa = XCConfigurationList;
			buildConfigurations = (
				00143CFB27A383F300F77940 /* Debug */,
				00143CFC27A383F300F77940 /* Release */,
			);
			defaultConfigurationIsVisible = 0;
			defaultConfigurationName = Release;
		};
		00143CFD27A383F300F77940 /* Build configuration list for PBXNativeTarget "Tests iOS" */ = {
			isa = XCConfigurationList;
			buildConfigurations = (
				00143CFE27A383F300F77940 /* Debug */,
				00143CFF27A383F300F77940 /* Release */,
			);
			defaultConfigurationIsVisible = 0;
			defaultConfigurationName = Release;
		};
		00143D0027A383F300F77940 /* Build configuration list for PBXNativeTarget "Tests macOS" */ = {
			isa = XCConfigurationList;
			buildConfigurations = (
				00143D0127A383F300F77940 /* Debug */,
				00143D0227A383F300F77940 /* Release */,
			);
			defaultConfigurationIsVisible = 0;
			defaultConfigurationName = Release;
		};
/* End XCConfigurationList section */
	};
	rootObject = 00143CC227A383F100F77940 /* Project object */;
}
